// !$*UTF8*$!
{
	archiveVersion = 1;
	classes = {
	};
	objectVersion = 46;
	objects = {

/* Begin PBXBuildFile section */
		046628D71CC4C9DA00F178CA /* TYTableViewController.m in Sources */ = {isa = PBXBuildFile; fileRef = 046628D61CC4C9DA00F178CA /* TYTableViewController.m */; };
		046628DB1CC4CDB800F178CA /* TYTableViewCell.m in Sources */ = {isa = PBXBuildFile; fileRef = 046628D91CC4CDB800F178CA /* TYTableViewCell.m */; };
		046628DC1CC4CDB800F178CA /* TYTableViewCell.xib in Resources */ = {isa = PBXBuildFile; fileRef = 046628DA1CC4CDB800F178CA /* TYTableViewCell.xib */; };
		04A029C41CC289B400B4AECF /* main.m in Sources */ = {isa = PBXBuildFile; fileRef = 04A029C31CC289B400B4AECF /* main.m */; };
		04A029C71CC289B400B4AECF /* AppDelegate.m in Sources */ = {isa = PBXBuildFile; fileRef = 04A029C61CC289B400B4AECF /* AppDelegate.m */; };
		04A029CD1CC289B400B4AECF /* Main.storyboard in Resources */ = {isa = PBXBuildFile; fileRef = 04A029CB1CC289B400B4AECF /* Main.storyboard */; };
		04A029CF1CC289B400B4AECF /* Assets.xcassets in Resources */ = {isa = PBXBuildFile; fileRef = 04A029CE1CC289B400B4AECF /* Assets.xcassets */; };
		04A029D21CC289B400B4AECF /* LaunchScreen.storyboard in Resources */ = {isa = PBXBuildFile; fileRef = 04A029D01CC289B400B4AECF /* LaunchScreen.storyboard */; };
		04A029DD1CC289B400B4AECF /* _____Tests.m in Sources */ = {isa = PBXBuildFile; fileRef = 04A029DC1CC289B400B4AECF /* _____Tests.m */; };
		04A029E81CC289B400B4AECF /* _____UITests.m in Sources */ = {isa = PBXBuildFile; fileRef = 04A029E71CC289B400B4AECF /* _____UITests.m */; };
		04A029FF1CC4B3F600B4AECF /* card.plist in Resources */ = {isa = PBXBuildFile; fileRef = 04A029FE1CC4B3F600B4AECF /* card.plist */; };
/* End PBXBuildFile section */

/* Begin PBXContainerItemProxy section */
		04A029D91CC289B400B4AECF /* PBXContainerItemProxy */ = {
			isa = PBXContainerItemProxy;
			containerPortal = 04A029B71CC289B300B4AECF /* Project object */;
			proxyType = 1;
			remoteGlobalIDString = 04A029BE1CC289B400B4AECF;
			remoteInfo = "请求一卡通";
		};
		04A029E41CC289B400B4AECF /* PBXContainerItemProxy */ = {
			isa = PBXContainerItemProxy;
			containerPortal = 04A029B71CC289B300B4AECF /* Project object */;
			proxyType = 1;
			remoteGlobalIDString = 04A029BE1CC289B400B4AECF;
			remoteInfo = "请求一卡通";
		};
/* End PBXContainerItemProxy section */

/* Begin PBXFileReference section */
		046628D51CC4C9DA00F178CA /* TYTableViewController.h */ = {isa = PBXFileReference; fileEncoding = 4; lastKnownFileType = sourcecode.c.h; name = TYTableViewController.h; path = ../TYTableViewController.h; sourceTree = "<group>"; };
		046628D61CC4C9DA00F178CA /* TYTableViewController.m */ = {isa = PBXFileReference; fileEncoding = 4; lastKnownFileType = sourcecode.c.objc; name = TYTableViewController.m; path = ../TYTableViewController.m; sourceTree = "<group>"; };
		046628D81CC4CDB800F178CA /* TYTableViewCell.h */ = {isa = PBXFileReference; fileEncoding = 4; lastKnownFileType = sourcecode.c.h; path = TYTableViewCell.h; sourceTree = "<group>"; };
		046628D91CC4CDB800F178CA /* TYTableViewCell.m */ = {isa = PBXFileReference; fileEncoding = 4; lastKnownFileType = sourcecode.c.objc; path = TYTableViewCell.m; sourceTree = "<group>"; };
		046628DA1CC4CDB800F178CA /* TYTableViewCell.xib */ = {isa = PBXFileReference; fileEncoding = 4; lastKnownFileType = file.xib; path = TYTableViewCell.xib; sourceTree = "<group>"; };
		04A029BF1CC289B400B4AECF /* 请求一卡通.app */ = {isa = PBXFileReference; explicitFileType = wrapper.application; includeInIndex = 0; path = "请求一卡通.app"; sourceTree = BUILT_PRODUCTS_DIR; };
		04A029C31CC289B400B4AECF /* main.m */ = {isa = PBXFileReference; lastKnownFileType = sourcecode.c.objc; path = main.m; sourceTree = "<group>"; };
		04A029C51CC289B400B4AECF /* AppDelegate.h */ = {isa = PBXFileReference; lastKnownFileType = sourcecode.c.h; path = AppDelegate.h; sourceTree = "<group>"; };
		04A029C61CC289B400B4AECF /* AppDelegate.m */ = {isa = PBXFileReference; lastKnownFileType = sourcecode.c.objc; path = AppDelegate.m; sourceTree = "<group>"; };
		04A029CC1CC289B400B4AECF /* Base */ = {isa = PBXFileReference; lastKnownFileType = file.storyboard; name = Base; path = Base.lproj/Main.storyboard; sourceTree = "<group>"; };
		04A029CE1CC289B400B4AECF /* Assets.xcassets */ = {isa = PBXFileReference; lastKnownFileType = folder.assetcatalog; path = Assets.xcassets; sourceTree = "<group>"; };
		04A029D11CC289B400B4AECF /* Base */ = {isa = PBXFileReference; lastKnownFileType = file.storyboard; name = Base; path = Base.lproj/LaunchScreen.storyboard; sourceTree = "<group>"; };
		04A029D31CC289B400B4AECF /* Info.plist */ = {isa = PBXFileReference; lastKnownFileType = text.plist.xml; path = Info.plist; sourceTree = "<group>"; };
		04A029D81CC289B400B4AECF /* 请求一卡通Tests.xctest */ = {isa = PBXFileReference; explicitFileType = wrapper.cfbundle; includeInIndex = 0; path = "请求一卡通Tests.xctest"; sourceTree = BUILT_PRODUCTS_DIR; };
		04A029DC1CC289B400B4AECF /* _____Tests.m */ = {isa = PBXFileReference; lastKnownFileType = sourcecode.c.objc; path = "_____Tests.m"; sourceTree = "<group>"; };
		04A029DE1CC289B400B4AECF /* Info.plist */ = {isa = PBXFileReference; lastKnownFileType = text.plist.xml; path = Info.plist; sourceTree = "<group>"; };
		04A029E31CC289B400B4AECF /* 请求一卡通UITests.xctest */ = {isa = PBXFileReference; explicitFileType = wrapper.cfbundle; includeInIndex = 0; path = "请求一卡通UITests.xctest"; sourceTree = BUILT_PRODUCTS_DIR; };
		04A029E71CC289B400B4AECF /* _____UITests.m */ = {isa = PBXFileReference; lastKnownFileType = sourcecode.c.objc; path = "_____UITests.m"; sourceTree = "<group>"; };
		04A029E91CC289B400B4AECF /* Info.plist */ = {isa = PBXFileReference; lastKnownFileType = text.plist.xml; path = Info.plist; sourceTree = "<group>"; };
		04A029FE1CC4B3F600B4AECF /* card.plist */ = {isa = PBXFileReference; fileEncoding = 4; lastKnownFileType = text.plist.xml; path = card.plist; sourceTree = "<group>"; };
/* End PBXFileReference section */

/* Begin PBXFrameworksBuildPhase section */
		04A029BC1CC289B400B4AECF /* Frameworks */ = {
			isa = PBXFrameworksBuildPhase;
			buildActionMask = 2147483647;
			files = (
			);
			runOnlyForDeploymentPostprocessing = 0;
		};
		04A029D51CC289B400B4AECF /* Frameworks */ = {
			isa = PBXFrameworksBuildPhase;
			buildActionMask = 2147483647;
			files = (
			);
			runOnlyForDeploymentPostprocessing = 0;
		};
		04A029E01CC289B400B4AECF /* Frameworks */ = {
			isa = PBXFrameworksBuildPhase;
			buildActionMask = 2147483647;
			files = (
			);
			runOnlyForDeploymentPostprocessing = 0;
		};
/* End PBXFrameworksBuildPhase section */

/* Begin PBXGroup section */
		04A029B61CC289B300B4AECF = {
			isa = PBXGroup;
			children = (
				04A029C11CC289B400B4AECF /* 请求一卡通 */,
				04A029DB1CC289B400B4AECF /* 请求一卡通Tests */,
				04A029E61CC289B400B4AECF /* 请求一卡通UITests */,
				04A029C01CC289B400B4AECF /* Products */,
			);
			sourceTree = "<group>";
		};
		04A029C01CC289B400B4AECF /* Products */ = {
			isa = PBXGroup;
			children = (
				04A029BF1CC289B400B4AECF /* 请求一卡通.app */,
				04A029D81CC289B400B4AECF /* 请求一卡通Tests.xctest */,
				04A029E31CC289B400B4AECF /* 请求一卡通UITests.xctest */,
			);
			name = Products;
			sourceTree = "<group>";
		};
		04A029C11CC289B400B4AECF /* 请求一卡通 */ = {
			isa = PBXGroup;
			children = (
				04A029C51CC289B400B4AECF /* AppDelegate.h */,
				04A029C61CC289B400B4AECF /* AppDelegate.m */,
				046628D51CC4C9DA00F178CA /* TYTableViewController.h */,
				046628D61CC4C9DA00F178CA /* TYTableViewController.m */,
				046628D81CC4CDB800F178CA /* TYTableViewCell.h */,
				046628D91CC4CDB800F178CA /* TYTableViewCell.m */,
				046628DA1CC4CDB800F178CA /* TYTableViewCell.xib */,
				04A029CB1CC289B400B4AECF /* Main.storyboard */,
				04A029CE1CC289B400B4AECF /* Assets.xcassets */,
				04A029D01CC289B400B4AECF /* LaunchScreen.storyboard */,
				04A029FE1CC4B3F600B4AECF /* card.plist */,
				04A029D31CC289B400B4AECF /* Info.plist */,
				04A029C21CC289B400B4AECF /* Supporting Files */,
			);
			path = "请求一卡通";
			sourceTree = "<group>";
		};
		04A029C21CC289B400B4AECF /* Supporting Files */ = {
			isa = PBXGroup;
			children = (
				04A029C31CC289B400B4AECF /* main.m */,
			);
			name = "Supporting Files";
			sourceTree = "<group>";
		};
		04A029DB1CC289B400B4AECF /* 请求一卡通Tests */ = {
			isa = PBXGroup;
			children = (
				04A029DC1CC289B400B4AECF /* _____Tests.m */,
				04A029DE1CC289B400B4AECF /* Info.plist */,
			);
			path = "请求一卡通Tests";
			sourceTree = "<group>";
		};
		04A029E61CC289B400B4AECF /* 请求一卡通UITests */ = {
			isa = PBXGroup;
			children = (
				04A029E71CC289B400B4AECF /* _____UITests.m */,
				04A029E91CC289B400B4AECF /* Info.plist */,
			);
			path = "请求一卡通UITests";
			sourceTree = "<group>";
		};
/* End PBXGroup section */

/* Begin PBXNativeTarget section */
		04A029BE1CC289B400B4AECF /* 请求一卡通 */ = {
			isa = PBXNativeTarget;
			buildConfigurationList = 04A029EC1CC289B400B4AECF /* Build configuration list for PBXNativeTarget "请求一卡通" */;
			buildPhases = (
				04A029BB1CC289B400B4AECF /* Sources */,
				04A029BC1CC289B400B4AECF /* Frameworks */,
				04A029BD1CC289B400B4AECF /* Resources */,
			);
			buildRules = (
			);
			dependencies = (
			);
			name = "请求一卡通";
			productName = "请求一卡通";
			productReference = 04A029BF1CC289B400B4AECF /* 请求一卡通.app */;
			productType = "com.apple.product-type.application";
		};
		04A029D71CC289B400B4AECF /* 请求一卡通Tests */ = {
			isa = PBXNativeTarget;
			buildConfigurationList = 04A029EF1CC289B400B4AECF /* Build configuration list for PBXNativeTarget "请求一卡通Tests" */;
			buildPhases = (
				04A029D41CC289B400B4AECF /* Sources */,
				04A029D51CC289B400B4AECF /* Frameworks */,
				04A029D61CC289B400B4AECF /* Resources */,
			);
			buildRules = (
			);
			dependencies = (
				04A029DA1CC289B400B4AECF /* PBXTargetDependency */,
			);
			name = "请求一卡通Tests";
			productName = "请求一卡通Tests";
			productReference = 04A029D81CC289B400B4AECF /* 请求一卡通Tests.xctest */;
			productType = "com.apple.product-type.bundle.unit-test";
		};
		04A029E21CC289B400B4AECF /* 请求一卡通UITests */ = {
			isa = PBXNativeTarget;
			buildConfigurationList = 04A029F21CC289B400B4AECF /* Build configuration list for PBXNativeTarget "请求一卡通UITests" */;
			buildPhases = (
				04A029DF1CC289B400B4AECF /* Sources */,
				04A029E01CC289B400B4AECF /* Frameworks */,
				04A029E11CC289B400B4AECF /* Resources */,
			);
			buildRules = (
			);
			dependencies = (
				04A029E51CC289B400B4AECF /* PBXTargetDependency */,
			);
			name = "请求一卡通UITests";
			productName = "请求一卡通UITests";
			productReference = 04A029E31CC289B400B4AECF /* 请求一卡通UITests.xctest */;
			productType = "com.apple.product-type.bundle.ui-testing";
		};
/* End PBXNativeTarget section */

/* Begin PBXProject section */
		04A029B71CC289B300B4AECF /* Project object */ = {
			isa = PBXProject;
			attributes = {
				LastUpgradeCheck = 0720;
				ORGANIZATIONNAME = mac;
				TargetAttributes = {
					04A029BE1CC289B400B4AECF = {
						CreatedOnToolsVersion = 7.2.1;
					};
					04A029D71CC289B400B4AECF = {
						CreatedOnToolsVersion = 7.2.1;
						TestTargetID = 04A029BE1CC289B400B4AECF;
					};
					04A029E21CC289B400B4AECF = {
						CreatedOnToolsVersion = 7.2.1;
						TestTargetID = 04A029BE1CC289B400B4AECF;
					};
				};
			};
			buildConfigurationList = 04A029BA1CC289B300B4AECF /* Build configuration list for PBXProject "请求一卡通" */;
			compatibilityVersion = "Xcode 3.2";
			developmentRegion = English;
			hasScannedForEncodings = 0;
			knownRegions = (
				en,
				Base,
			);
			mainGroup = 04A029B61CC289B300B4AECF;
			productRefGroup = 04A029C01CC289B400B4AECF /* Products */;
			projectDirPath = "";
			projectRoot = "";
			targets = (
				04A029BE1CC289B400B4AECF /* 请求一卡通 */,
				04A029D71CC289B400B4AECF /* 请求一卡通Tests */,
				04A029E21CC289B400B4AECF /* 请求一卡通UITests */,
			);
		};
/* End PBXProject section */

/* Begin PBXResourcesBuildPhase section */
		04A029BD1CC289B400B4AECF /* Resources */ = {
			isa = PBXResourcesBuildPhase;
			buildActionMask = 2147483647;
			files = (
				04A029D21CC289B400B4AECF /* LaunchScreen.storyboard in Resources */,
				04A029CF1CC289B400B4AECF /* Assets.xcassets in Resources */,
				04A029FF1CC4B3F600B4AECF /* card.plist in Resources */,
				046628DC1CC4CDB800F178CA /* TYTableViewCell.xib in Resources */,
				04A029CD1CC289B400B4AECF /* Main.storyboard in Resources */,
			);
			runOnlyForDeploymentPostprocessing = 0;
		};
		04A029D61CC289B400B4AECF /* Resources */ = {
			isa = PBXResourcesBuildPhase;
			buildActionMask = 2147483647;
			files = (
			);
			runOnlyForDeploymentPostprocessing = 0;
		};
		04A029E11CC289B400B4AECF /* Resources */ = {
			isa = PBXResourcesBuildPhase;
			buildActionMask = 2147483647;
			files = (
			);
			runOnlyForDeploymentPostprocessing = 0;
		};
/* End PBXResourcesBuildPhase section */

/* Begin PBXSourcesBuildPhase section */
		04A029BB1CC289B400B4AECF /* Sources */ = {
			isa = PBXSourcesBuildPhase;
			buildActionMask = 2147483647;
			files = (
				046628DB1CC4CDB800F178CA /* TYTableViewCell.m in Sources */,
				046628D71CC4C9DA00F178CA /* TYTableViewController.m in Sources */,
				04A029C71CC289B400B4AECF /* AppDelegate.m in Sources */,
				04A029C41CC289B400B4AECF /* main.m in Sources */,
			);
			runOnlyForDeploymentPostprocessing = 0;
		};
		04A029D41CC289B400B4AECF /* Sources */ = {
			isa = PBXSourcesBuildPhase;
			buildActionMask = 2147483647;
			files = (
				04A029DD1CC289B400B4AECF /* _____Tests.m in Sources */,
			);
			runOnlyForDeploymentPostprocessing = 0;
		};
		04A029DF1CC289B400B4AECF /* Sources */ = {
			isa = PBXSourcesBuildPhase;
			buildActionMask = 2147483647;
			files = (
				04A029E81CC289B400B4AECF /* _____UITests.m in Sources */,
			);
			runOnlyForDeploymentPostprocessing = 0;
		};
/* End PBXSourcesBuildPhase section */

/* Begin PBXTargetDependency section */
		04A029DA1CC289B400B4AECF /* PBXTargetDependency */ = {
			isa = PBXTargetDependency;
			target = 04A029BE1CC289B400B4AECF /* 请求一卡通 */;
			targetProxy = 04A029D91CC289B400B4AECF /* PBXContainerItemProxy */;
		};
		04A029E51CC289B400B4AECF /* PBXTargetDependency */ = {
			isa = PBXTargetDependency;
			target = 04A029BE1CC289B400B4AECF /* 请求一卡通 */;
			targetProxy = 04A029E41CC289B400B4AECF /* PBXContainerItemProxy */;
		};
/* End PBXTargetDependency section */

/* Begin PBXVariantGroup section */
		04A029CB1CC289B400B4AECF /* Main.storyboard */ = {
			isa = PBXVariantGroup;
			children = (
				04A029CC1CC289B400B4AECF /* Base */,
			);
			name = Main.storyboard;
			sourceTree = "<group>";
		};
		04A029D01CC289B400B4AECF /* LaunchScreen.storyboard */ = {
			isa = PBXVariantGroup;
			children = (
				04A029D11CC289B400B4AECF /* Base */,
			);
			name = LaunchScreen.storyboard;
			sourceTree = "<group>";
		};
/* End PBXVariantGroup section */

/* Begin XCBuildConfiguration section */
		04A029EA1CC289B400B4AECF /* Debug */ = {
			isa = XCBuildConfiguration;
			buildSettings = {
				ALWAYS_SEARCH_USER_PATHS = NO;
				CLANG_CXX_LANGUAGE_STANDARD = "gnu++0x";
				CLANG_CXX_LIBRARY = "libc++";
				CLANG_ENABLE_MODULES = YES;
				CLANG_ENABLE_OBJC_ARC = YES;
				CLANG_WARN_BOOL_CONVERSION = YES;
				CLANG_WARN_CONSTANT_CONVERSION = YES;
				CLANG_WARN_DIRECT_OBJC_ISA_USAGE = YES_ERROR;
				CLANG_WARN_EMPTY_BODY = YES;
				CLANG_WARN_ENUM_CONVERSION = YES;
				CLANG_WARN_INT_CONVERSION = YES;
				CLANG_WARN_OBJC_ROOT_CLASS = YES_ERROR;
				CLANG_WARN_UNREACHABLE_CODE = YES;
				CLANG_WARN__DUPLICATE_METHOD_MATCH = YES;
				"CODE_SIGN_IDENTITY[sdk=iphoneos*]" = "iPhone Developer";
				COPY_PHASE_STRIP = NO;
				DEBUG_INFORMATION_FORMAT = dwarf;
				ENABLE_STRICT_OBJC_MSGSEND = YES;
				ENABLE_TESTABILITY = YES;
				GCC_C_LANGUAGE_STANDARD = gnu99;
				GCC_DYNAMIC_NO_PIC = NO;
				GCC_NO_COMMON_BLOCKS = YES;
				GCC_OPTIMIZATION_LEVEL = 0;
				GCC_PREPROCESSOR_DEFINITIONS = (
					"DEBUG=1",
					"$(inherited)",
				);
				GCC_WARN_64_TO_32_BIT_CONVERSION = YES;
				GCC_WARN_ABOUT_RETURN_TYPE = YES_ERROR;
				GCC_WARN_UNDECLARED_SELECTOR = YES;
				GCC_WARN_UNINITIALIZED_AUTOS = YES_AGGRESSIVE;
				GCC_WARN_UNUSED_FUNCTION = YES;
				GCC_WARN_UNUSED_VARIABLE = YES;
				IPHONEOS_DEPLOYMENT_TARGET = 9.2;
				MTL_ENABLE_DEBUG_INFO = YES;
				ONLY_ACTIVE_ARCH = YES;
				SDKROOT = iphoneos;
			};
			name = Debug;
		};
		04A029EB1CC289B400B4AECF /* Release */ = {
			isa = XCBuildConfiguration;
			buildSettings = {
				ALWAYS_SEARCH_USER_PATHS = NO;
				CLANG_CXX_LANGUAGE_STANDARD = "gnu++0x";
				CLANG_CXX_LIBRARY = "libc++";
				CLANG_ENABLE_MODULES = YES;
				CLANG_ENABLE_OBJC_ARC = YES;
				CLANG_WARN_BOOL_CONVERSION = YES;
				CLANG_WARN_CONSTANT_CONVERSION = YES;
				CLANG_WARN_DIRECT_OBJC_ISA_USAGE = YES_ERROR;
				CLANG_WARN_EMPTY_BODY = YES;
				CLANG_WARN_ENUM_CONVERSION = YES;
				CLANG_WARN_INT_CONVERSION = YES;
				CLANG_WARN_OBJC_ROOT_CLASS = YES_ERROR;
				CLANG_WARN_UNREACHABLE_CODE = YES;
				CLANG_WARN__DUPLICATE_METHOD_MATCH = YES;
				"CODE_SIGN_IDENTITY[sdk=iphoneos*]" = "iPhone Developer";
				COPY_PHASE_STRIP = NO;
				DEBUG_INFORMATION_FORMAT = "dwarf-with-dsym";
				ENABLE_NS_ASSERTIONS = NO;
				ENABLE_STRICT_OBJC_MSGSEND = YES;
				GCC_C_LANGUAGE_STANDARD = gnu99;
				GCC_NO_COMMON_BLOCKS = YES;
				GCC_WARN_64_TO_32_BIT_CONVERSION = YES;
				GCC_WARN_ABOUT_RETURN_TYPE = YES_ERROR;
				GCC_WARN_UNDECLARED_SELECTOR = YES;
				GCC_WARN_UNINITIALIZED_AUTOS = YES_AGGRESSIVE;
				GCC_WARN_UNUSED_FUNCTION = YES;
				GCC_WARN_UNUSED_VARIABLE = YES;
				IPHONEOS_DEPLOYMENT_TARGET = 9.2;
				MTL_ENABLE_DEBUG_INFO = NO;
				SDKROOT = iphoneos;
				VALIDATE_PRODUCT = YES;
			};
			name = Release;
		};
		04A029ED1CC289B400B4AECF /* Debug */ = {
			isa = XCBuildConfiguration;
			buildSettings = {
				ASSETCATALOG_COMPILER_APPICON_NAME = AppIcon;
				INFOPLIST_FILE = "请求一卡通/Info.plist";
				LD_RUNPATH_SEARCH_PATHS = "$(inherited) @executable_path/Frameworks";
				PRODUCT_BUNDLE_IDENTIFIER = "mac.-----";
				PRODUCT_NAME = "$(TARGET_NAME)";
			};
			name = Debug;
		};
		04A029EE1CC289B400B4AECF /* Release */ = {
			isa = XCBuildConfiguration;
			buildSettings = {
				ASSETCATALOG_COMPILER_APPICON_NAME = AppIcon;
				INFOPLIST_FILE = "请求一卡通/Info.plist";
				LD_RUNPATH_SEARCH_PATHS = "$(inherited) @executable_path/Frameworks";
				PRODUCT_BUNDLE_IDENTIFIER = "mac.-----";
				PRODUCT_NAME = "$(TARGET_NAME)";
			};
			name = Release;
		};
		04A029F01CC289B400B4AECF /* Debug */ = {
			isa = XCBuildConfiguration;
			buildSettings = {
				BUNDLE_LOADER = "$(TEST_HOST)";
				INFOPLIST_FILE = "请求一卡通Tests/Info.plist";
				LD_RUNPATH_SEARCH_PATHS = "$(inherited) @executable_path/Frameworks @loader_path/Frameworks";
				PRODUCT_BUNDLE_IDENTIFIER = "mac.-----Tests";
				PRODUCT_NAME = "$(TARGET_NAME)";
				TEST_HOST = "$(BUILT_PRODUCTS_DIR)/请求一卡通.app/请求一卡通";
			};
			name = Debug;
		};
		04A029F11CC289B400B4AECF /* Release */ = {
			isa = XCBuildConfiguration;
			buildSettings = {
				BUNDLE_LOADER = "$(TEST_HOST)";
				INFOPLIST_FILE = "请求一卡通Tests/Info.plist";
				LD_RUNPATH_SEARCH_PATHS = "$(inherited) @executable_path/Frameworks @loader_path/Frameworks";
				PRODUCT_BUNDLE_IDENTIFIER = "mac.-----Tests";
				PRODUCT_NAME = "$(TARGET_NAME)";
				TEST_HOST = "$(BUILT_PRODUCTS_DIR)/请求一卡通.app/请求一卡通";
			};
			name = Release;
		};
		04A029F31CC289B400B4AECF /* Debug */ = {
			isa = XCBuildConfiguration;
			buildSettings = {
				INFOPLIST_FILE = "请求一卡通UITests/Info.plist";
				LD_RUNPATH_SEARCH_PATHS = "$(inherited) @executable_path/Frameworks @loader_path/Frameworks";
				PRODUCT_BUNDLE_IDENTIFIER = "mac.-----UITests";
				PRODUCT_NAME = "$(TARGET_NAME)";
				TEST_TARGET_NAME = "请求一卡通";
				USES_XCTRUNNER = YES;
			};
			name = Debug;
		};
		04A029F41CC289B400B4AECF /* Release */ = {
			isa = XCBuildConfiguration;
			buildSettings = {
				INFOPLIST_FILE = "请求一卡通UITests/Info.plist";
				LD_RUNPATH_SEARCH_PATHS = "$(inherited) @executable_path/Frameworks @loader_path/Frameworks";
				PRODUCT_BUNDLE_IDENTIFIER = "mac.-----UITests";
				PRODUCT_NAME = "$(TARGET_NAME)";
				TEST_TARGET_NAME = "请求一卡通";
				USES_XCTRUNNER = YES;
			};
			name = Release;
		};
/* End XCBuildConfiguration section */

/* Begin XCConfigurationList section */
		04A029BA1CC289B300B4AECF /* Build configuration list for PBXProject "请求一卡通" */ = {
			isa = XCConfigurationList;
			buildConfigurations = (
				04A029EA1CC289B400B4AECF /* Debug */,
				04A029EB1CC289B400B4AECF /* Release */,
			);
			defaultConfigurationIsVisible = 0;
			defaultConfigurationName = Release;
		};
		04A029EC1CC289B400B4AECF /* Build configuration list for PBXNativeTarget "请求一卡通" */ = {
			isa = XCConfigurationList;
			buildConfigurations = (
				04A029ED1CC289B400B4AECF /* Debug */,
				04A029EE1CC289B400B4AECF /* Release */,
			);
			defaultConfigurationIsVisible = 0;
			defaultConfigurationName = Release;
		};
		04A029EF1CC289B400B4AECF /* Build configuration list for PBXNativeTarget "请求一卡通Tests" */ = {
			isa = XCConfigurationList;
			buildConfigurations = (
				04A029F01CC289B400B4AECF /* Debug */,
				04A029F11CC289B400B4AECF /* Release */,
			);
			defaultConfigurationIsVisible = 0;
			defaultConfigurationName = Release;
		};
		04A029F21CC289B400B4AECF /* Build configuration list for PBXNativeTarget "请求一卡通UITests" */ = {
			isa = XCConfigurationList;
			buildConfigurations = (
				04A029F31CC289B400B4AECF /* Debug */,
				04A029F41CC289B400B4AECF /* Release */,
			);
			defaultConfigurationIsVisible = 0;
			defaultConfigurationName = Release;
		};
/* End XCConfigurationList section */
	};
	rootObject = 04A029B71CC289B300B4AECF /* Project object */;
}
